{
  "name": "src",
  "lockfileVersion": 3,
  "requires": true,
  "packages": {
    "": {
      "dependencies": {
        "@tanstack/react-query": "^5.91.0"
      }
    },
    "node_modules/@tanstack/query-core": {
      "version": "5.91.0",
      "resolved": "https://registry.npmjs.org/@tanstack/query-core/-/query-core-5.91.0.tgz",
      "integrity": "sha512-FYXN8Kk9Q5VKuV6AIVaNwMThSi0nvAtR4X7HQoigf6ePOtFcavJYVIzgFhOVdtbBQtCJE3KimDIMMJM2DR1hjw==",
      "license": "MIT",
      "funding": {
        "type": "github",
        "url": "https://github.com/sponsors/tannerlinsley"
      }
    },
    "node_modules/@tanstack/react-query": {
      "version": "5.91.0",
      "resolved": "https://registry.npmjs.org/@tanstack/react-query/-/react-query-5.91.0.tgz",
      "integrity": "sha512-S8FODsDTNv0Ym+o/JVBvA6EWiWVhg6K2Q4qFehZyFKk6uW4H9OPbXl4kyiN9hAly0uHJ/1GEbR6kAI4MZWfjEA==",
      "license": "MIT",
      "dependencies": {
        "@tanstack/query-core": "5.91.0"
      },
      "funding": {
        "type": "github",
        "url": "https://github.com/sponsors/tannerlinsley"
      },
      "peerDependencies": {
        "react": "^18 || ^19"
      }
    },
    "node_modules/react": {
      "version": "19.2.4",
      "resolved": "https://registry.npmjs.org/react/-/react-19.2.4.tgz",
      "integrity": "sha512-9nfp2hYpCwOjAN+8TZFGhtWEwgvWHXqESH8qT89AT/lWklpLON22Lc8pEtnpsZz7VmawabSU0gCjnj8aC0euHQ==",
      "license": "MIT",
      "peer": true,
      "engines": {
        "node": ">=0.10.0"
      }
    }
  }
}
